
Microsoft Visual Studio Solution File, Format Version 12.00
# Visual Studio Version 17
VisualStudioVersion = 17.11.35312.102
MinimumVisualStudioVersion = 10.0.40219.1
Project("{FAE04EC0-301F-11D3-BF4B-00C04F79EFBC}") = "PaginaBanco", "PaginaBanco\PaginaBanco.csproj", "{C3173EDF-DBFD-46D4-B20B-E4D1911E78DE}"
EndProject
Global
	GlobalSection(SolutionConfigurationPlatforms) = preSolution
		Debug|Any CPU = Debug|Any CPU
		Release|Any CPU = Release|Any CPU
	EndGlobalSection
	GlobalSection(ProjectConfigurationPlatforms) = postSolution
		{C3173EDF-DBFD-46D4-B20B-E4D1911E78DE}.Debug|Any CPU.ActiveCfg = Debug|Any CPU
		{C3173EDF-DBFD-46D4-B20B-E4D1911E78DE}.Debug|Any CPU.Build.0 = Debug|Any CPU
		{C3173EDF-DBFD-46D4-B20B-E4D1911E78DE}.Release|Any CPU.ActiveCfg = Release|Any CPU
		{C3173EDF-DBFD-46D4-B20B-E4D1911E78DE}.Release|Any CPU.Build.0 = Release|Any CPU
	EndGlobalSection
	GlobalSection(SolutionProperties) = preSolution
		HideSolutionNode = FALSE
	EndGlobalSection
	GlobalSection(ExtensibilityGlobals) = postSolution
		SolutionGuid = {7B3C2C99-97B9-47C2-BB7F-85D38887536B}
	EndGlobalSection
EndGlobal
